
Microsoft Visual Studio Solution File, Format Version 12.00
# Visual Studio Version 17
VisualStudioVersion = 17.7.34031.279
MinimumVisualStudioVersion = 10.0.40219.1
Project("{FAE04EC0-301F-11D3-BF4B-00C04F79EFBC}") = "PIANINOOOO", "PIANINOOOO\PIANINOOOO.csproj", "{BD568B8F-E9CF-4D96-9E91-F7F0F3384861}"
EndProject
Global
	GlobalSection(SolutionConfigurationPlatforms) = preSolution
		Debug|Any CPU = Debug|Any CPU
		Release|Any CPU = Release|Any CPU
	EndGlobalSection
	GlobalSection(ProjectConfigurationPlatforms) = postSolution
		{BD568B8F-E9CF-4D96-9E91-F7F0F3384861}.Debug|Any CPU.ActiveCfg = Debug|Any CPU
		{BD568B8F-E9CF-4D96-9E91-F7F0F3384861}.Debug|Any CPU.Build.0 = Debug|Any CPU
		{BD568B8F-E9CF-4D96-9E91-F7F0F3384861}.Release|Any CPU.ActiveCfg = Release|Any CPU
		{BD568B8F-E9CF-4D96-9E91-F7F0F3384861}.Release|Any CPU.Build.0 = Release|Any CPU
	EndGlobalSection
	GlobalSection(SolutionProperties) = preSolution
		HideSolutionNode = FALSE
	EndGlobalSection
	GlobalSection(ExtensibilityGlobals) = postSolution
		SolutionGuid = {92115FEF-574D-43C1-89A4-30235C78826A}
	EndGlobalSection
EndGlobal
